
Microsoft Visual Studio Solution File, Format Version 12.00
# Visual Studio 15
VisualStudioVersion = 15.0.27130.2027
MinimumVisualStudioVersion = 10.0.40219.1
Project("{8BC9CEB8-8B4A-11D0-8D11-00A0C91BC942}") = "27.1", "27.1\27.1.vcxproj", "{206C73DC-BEA2-4955-8140-C4E5E956DDEC}"
EndProject
Global
	GlobalSection(SolutionConfigurationPlatforms) = preSolution
		Debug|x64 = Debug|x64
		Debug|x86 = Debug|x86
		Release|x64 = Release|x64
		Release|x86 = Release|x86
	EndGlobalSection
	GlobalSection(ProjectConfigurationPlatforms) = postSolution
		{206C73DC-BEA2-4955-8140-C4E5E956DDEC}.Debug|x64.ActiveCfg = Debug|x64
		{206C73DC-BEA2-4955-8140-C4E5E956DDEC}.Debug|x64.Build.0 = Debug|x64
		{206C73DC-BEA2-4955-8140-C4E5E956DDEC}.Debug|x86.ActiveCfg = Debug|Win32
		{206C73DC-BEA2-4955-8140-C4E5E956DDEC}.Debug|x86.Build.0 = Debug|Win32
		{206C73DC-BEA2-4955-8140-C4E5E956DDEC}.Release|x64.ActiveCfg = Release|x64
		{206C73DC-BEA2-4955-8140-C4E5E956DDEC}.Release|x64.Build.0 = Release|x64
		{206C73DC-BEA2-4955-8140-C4E5E956DDEC}.Release|x86.ActiveCfg = Release|Win32
		{206C73DC-BEA2-4955-8140-C4E5E956DDEC}.Release|x86.Build.0 = Release|Win32
	EndGlobalSection
	GlobalSection(SolutionProperties) = preSolution
		HideSolutionNode = FALSE
	EndGlobalSection
	GlobalSection(ExtensibilityGlobals) = postSolution
		SolutionGuid = {CE127FDD-0FBA-4BE7-8FF2-82CDEE9D988E}
	EndGlobalSection
EndGlobal
