
Microsoft Visual Studio Solution File, Format Version 12.00
# Visual Studio 15
VisualStudioVersion = 15.0.27130.2027
MinimumVisualStudioVersion = 10.0.40219.1
Project("{8BC9CEB8-8B4A-11D0-8D11-00A0C91BC942}") = "25.3", "25.3\25.3.vcxproj", "{C9DD5087-FB4A-4CBB-ADCC-129FFD85CEF6}"
EndProject
Global
	GlobalSection(SolutionConfigurationPlatforms) = preSolution
		Debug|x64 = Debug|x64
		Debug|x86 = Debug|x86
		Release|x64 = Release|x64
		Release|x86 = Release|x86
	EndGlobalSection
	GlobalSection(ProjectConfigurationPlatforms) = postSolution
		{C9DD5087-FB4A-4CBB-ADCC-129FFD85CEF6}.Debug|x64.ActiveCfg = Debug|x64
		{C9DD5087-FB4A-4CBB-ADCC-129FFD85CEF6}.Debug|x64.Build.0 = Debug|x64
		{C9DD5087-FB4A-4CBB-ADCC-129FFD85CEF6}.Debug|x86.ActiveCfg = Debug|Win32
		{C9DD5087-FB4A-4CBB-ADCC-129FFD85CEF6}.Debug|x86.Build.0 = Debug|Win32
		{C9DD5087-FB4A-4CBB-ADCC-129FFD85CEF6}.Release|x64.ActiveCfg = Release|x64
		{C9DD5087-FB4A-4CBB-ADCC-129FFD85CEF6}.Release|x64.Build.0 = Release|x64
		{C9DD5087-FB4A-4CBB-ADCC-129FFD85CEF6}.Release|x86.ActiveCfg = Release|Win32
		{C9DD5087-FB4A-4CBB-ADCC-129FFD85CEF6}.Release|x86.Build.0 = Release|Win32
	EndGlobalSection
	GlobalSection(SolutionProperties) = preSolution
		HideSolutionNode = FALSE
	EndGlobalSection
	GlobalSection(ExtensibilityGlobals) = postSolution
		SolutionGuid = {B57C5712-1D14-49F4-B26A-8A60E4E9B5C7}
	EndGlobalSection
EndGlobal
