
Microsoft Visual Studio Solution File, Format Version 12.00
# Visual Studio 15
VisualStudioVersion = 15.0.27130.2027
MinimumVisualStudioVersion = 10.0.40219.1
Project("{8BC9CEB8-8B4A-11D0-8D11-00A0C91BC942}") = "30.4", "30.4\30.4.vcxproj", "{D87802CD-D325-4D5C-82D4-1695388EE18C}"
EndProject
Global
	GlobalSection(SolutionConfigurationPlatforms) = preSolution
		Debug|x64 = Debug|x64
		Debug|x86 = Debug|x86
		Release|x64 = Release|x64
		Release|x86 = Release|x86
	EndGlobalSection
	GlobalSection(ProjectConfigurationPlatforms) = postSolution
		{D87802CD-D325-4D5C-82D4-1695388EE18C}.Debug|x64.ActiveCfg = Debug|x64
		{D87802CD-D325-4D5C-82D4-1695388EE18C}.Debug|x64.Build.0 = Debug|x64
		{D87802CD-D325-4D5C-82D4-1695388EE18C}.Debug|x86.ActiveCfg = Debug|Win32
		{D87802CD-D325-4D5C-82D4-1695388EE18C}.Debug|x86.Build.0 = Debug|Win32
		{D87802CD-D325-4D5C-82D4-1695388EE18C}.Release|x64.ActiveCfg = Release|x64
		{D87802CD-D325-4D5C-82D4-1695388EE18C}.Release|x64.Build.0 = Release|x64
		{D87802CD-D325-4D5C-82D4-1695388EE18C}.Release|x86.ActiveCfg = Release|Win32
		{D87802CD-D325-4D5C-82D4-1695388EE18C}.Release|x86.Build.0 = Release|Win32
	EndGlobalSection
	GlobalSection(SolutionProperties) = preSolution
		HideSolutionNode = FALSE
	EndGlobalSection
	GlobalSection(ExtensibilityGlobals) = postSolution
		SolutionGuid = {1AB8DCE7-4BC7-4AA8-95C9-22078A8B87D3}
	EndGlobalSection
EndGlobal
