
Microsoft Visual Studio Solution File, Format Version 12.00
# Visual Studio 15
VisualStudioVersion = 15.0.27130.2027
MinimumVisualStudioVersion = 10.0.40219.1
Project("{8BC9CEB8-8B4A-11D0-8D11-00A0C91BC942}") = "26.1", "26.1\26.1.vcxproj", "{4C519935-BB98-4EB5-8F02-A33B8E1C38EE}"
EndProject
Global
	GlobalSection(SolutionConfigurationPlatforms) = preSolution
		Debug|x64 = Debug|x64
		Debug|x86 = Debug|x86
		Release|x64 = Release|x64
		Release|x86 = Release|x86
	EndGlobalSection
	GlobalSection(ProjectConfigurationPlatforms) = postSolution
		{4C519935-BB98-4EB5-8F02-A33B8E1C38EE}.Debug|x64.ActiveCfg = Debug|x64
		{4C519935-BB98-4EB5-8F02-A33B8E1C38EE}.Debug|x64.Build.0 = Debug|x64
		{4C519935-BB98-4EB5-8F02-A33B8E1C38EE}.Debug|x86.ActiveCfg = Debug|Win32
		{4C519935-BB98-4EB5-8F02-A33B8E1C38EE}.Debug|x86.Build.0 = Debug|Win32
		{4C519935-BB98-4EB5-8F02-A33B8E1C38EE}.Release|x64.ActiveCfg = Release|x64
		{4C519935-BB98-4EB5-8F02-A33B8E1C38EE}.Release|x64.Build.0 = Release|x64
		{4C519935-BB98-4EB5-8F02-A33B8E1C38EE}.Release|x86.ActiveCfg = Release|Win32
		{4C519935-BB98-4EB5-8F02-A33B8E1C38EE}.Release|x86.Build.0 = Release|Win32
	EndGlobalSection
	GlobalSection(SolutionProperties) = preSolution
		HideSolutionNode = FALSE
	EndGlobalSection
	GlobalSection(ExtensibilityGlobals) = postSolution
		SolutionGuid = {6F3856C0-DFBD-4C5D-90BA-A32CCA47610F}
	EndGlobalSection
EndGlobal
