
Microsoft Visual Studio Solution File, Format Version 12.00
# Visual Studio 15
VisualStudioVersion = 15.0.27130.2027
MinimumVisualStudioVersion = 10.0.40219.1
Project("{8BC9CEB8-8B4A-11D0-8D11-00A0C91BC942}") = "23.1", "23.1\23.1.vcxproj", "{A801B6E9-4732-47C5-8EC2-589F4A89236B}"
EndProject
Global
	GlobalSection(SolutionConfigurationPlatforms) = preSolution
		Debug|x64 = Debug|x64
		Debug|x86 = Debug|x86
		Release|x64 = Release|x64
		Release|x86 = Release|x86
	EndGlobalSection
	GlobalSection(ProjectConfigurationPlatforms) = postSolution
		{A801B6E9-4732-47C5-8EC2-589F4A89236B}.Debug|x64.ActiveCfg = Debug|x64
		{A801B6E9-4732-47C5-8EC2-589F4A89236B}.Debug|x64.Build.0 = Debug|x64
		{A801B6E9-4732-47C5-8EC2-589F4A89236B}.Debug|x86.ActiveCfg = Debug|Win32
		{A801B6E9-4732-47C5-8EC2-589F4A89236B}.Debug|x86.Build.0 = Debug|Win32
		{A801B6E9-4732-47C5-8EC2-589F4A89236B}.Release|x64.ActiveCfg = Release|x64
		{A801B6E9-4732-47C5-8EC2-589F4A89236B}.Release|x64.Build.0 = Release|x64
		{A801B6E9-4732-47C5-8EC2-589F4A89236B}.Release|x86.ActiveCfg = Release|Win32
		{A801B6E9-4732-47C5-8EC2-589F4A89236B}.Release|x86.Build.0 = Release|Win32
	EndGlobalSection
	GlobalSection(SolutionProperties) = preSolution
		HideSolutionNode = FALSE
	EndGlobalSection
	GlobalSection(ExtensibilityGlobals) = postSolution
		SolutionGuid = {9F57E0C8-E604-41D2-BDF6-FB0A76B2BC62}
	EndGlobalSection
EndGlobal
