
Microsoft Visual Studio Solution File, Format Version 12.00
# Visual Studio 15
VisualStudioVersion = 15.0.27130.2027
MinimumVisualStudioVersion = 10.0.40219.1
Project("{8BC9CEB8-8B4A-11D0-8D11-00A0C91BC942}") = "26.12", "26.12\26.12.vcxproj", "{D21F1058-0E30-4B1B-B1E6-498938C11D75}"
EndProject
Global
	GlobalSection(SolutionConfigurationPlatforms) = preSolution
		Debug|x64 = Debug|x64
		Debug|x86 = Debug|x86
		Release|x64 = Release|x64
		Release|x86 = Release|x86
	EndGlobalSection
	GlobalSection(ProjectConfigurationPlatforms) = postSolution
		{D21F1058-0E30-4B1B-B1E6-498938C11D75}.Debug|x64.ActiveCfg = Debug|x64
		{D21F1058-0E30-4B1B-B1E6-498938C11D75}.Debug|x64.Build.0 = Debug|x64
		{D21F1058-0E30-4B1B-B1E6-498938C11D75}.Debug|x86.ActiveCfg = Debug|Win32
		{D21F1058-0E30-4B1B-B1E6-498938C11D75}.Debug|x86.Build.0 = Debug|Win32
		{D21F1058-0E30-4B1B-B1E6-498938C11D75}.Release|x64.ActiveCfg = Release|x64
		{D21F1058-0E30-4B1B-B1E6-498938C11D75}.Release|x64.Build.0 = Release|x64
		{D21F1058-0E30-4B1B-B1E6-498938C11D75}.Release|x86.ActiveCfg = Release|Win32
		{D21F1058-0E30-4B1B-B1E6-498938C11D75}.Release|x86.Build.0 = Release|Win32
	EndGlobalSection
	GlobalSection(SolutionProperties) = preSolution
		HideSolutionNode = FALSE
	EndGlobalSection
	GlobalSection(ExtensibilityGlobals) = postSolution
		SolutionGuid = {886D7C12-0E0D-4B6B-84EC-586E5B75A9CF}
	EndGlobalSection
EndGlobal
